
Microsoft Visual Studio Solution File, Format Version 12.00
# Visual Studio Version 16
VisualStudioVersion = 16.0.30204.135
MinimumVisualStudioVersion = 10.0.40219.1
Project("{FAE04EC0-301F-11D3-BF4B-00C04F79EFBC}") = "KnueppelKampf", "KnueppelKampf\KnueppelKampf.csproj", "{C4223D72-8BCC-48C5-B5C6-19299C2F7E3F}"
EndProject
Project("{FAE04EC0-301F-11D3-BF4B-00C04F79EFBC}") = "KnueppelKampfBase", "KnueppelKampfBase\KnueppelKampfBase.csproj", "{5B05AE5C-2675-41E6-A30F-9A6F4859FB43}"
EndProject
Project("{FAE04EC0-301F-11D3-BF4B-00C04F79EFBC}") = "KnueppelKampfServer", "KnueppelKampfServer\KnueppelKampfServer.csproj", "{F5660648-A26E-4129-B800-F33EFEBCE8DD}"
EndProject
Global
	GlobalSection(SolutionConfigurationPlatforms) = preSolution
		Debug|Any CPU = Debug|Any CPU
		Release|Any CPU = Release|Any CPU
	EndGlobalSection
	GlobalSection(ProjectConfigurationPlatforms) = postSolution
		{C4223D72-8BCC-48C5-B5C6-19299C2F7E3F}.Debug|Any CPU.ActiveCfg = Debug|Any CPU
		{C4223D72-8BCC-48C5-B5C6-19299C2F7E3F}.Debug|Any CPU.Build.0 = Debug|Any CPU
		{C4223D72-8BCC-48C5-B5C6-19299C2F7E3F}.Release|Any CPU.ActiveCfg = Release|Any CPU
		{C4223D72-8BCC-48C5-B5C6-19299C2F7E3F}.Release|Any CPU.Build.0 = Release|Any CPU
		{5B05AE5C-2675-41E6-A30F-9A6F4859FB43}.Debug|Any CPU.ActiveCfg = Debug|Any CPU
		{5B05AE5C-2675-41E6-A30F-9A6F4859FB43}.Debug|Any CPU.Build.0 = Debug|Any CPU
		{5B05AE5C-2675-41E6-A30F-9A6F4859FB43}.Release|Any CPU.ActiveCfg = Release|Any CPU
		{5B05AE5C-2675-41E6-A30F-9A6F4859FB43}.Release|Any CPU.Build.0 = Release|Any CPU
		{F5660648-A26E-4129-B800-F33EFEBCE8DD}.Debug|Any CPU.ActiveCfg = Debug|Any CPU
		{F5660648-A26E-4129-B800-F33EFEBCE8DD}.Debug|Any CPU.Build.0 = Debug|Any CPU
		{F5660648-A26E-4129-B800-F33EFEBCE8DD}.Release|Any CPU.ActiveCfg = Release|Any CPU
		{F5660648-A26E-4129-B800-F33EFEBCE8DD}.Release|Any CPU.Build.0 = Release|Any CPU
	EndGlobalSection
	GlobalSection(SolutionProperties) = preSolution
		HideSolutionNode = FALSE
	EndGlobalSection
	GlobalSection(ExtensibilityGlobals) = postSolution
		SolutionGuid = {4FE7D0BE-6D7D-4A4A-AD90-E4BEE4DB86B1}
	EndGlobalSection
EndGlobal
